// !$*UTF8*$!
{
	archiveVersion = 1;
	classes = {
	};
	objectVersion = 55;
	objects = {

/* Begin PBXBuildFile section */
		2E81D4DB28A22F9E001FB6C6 /* MainPage.swift in Sources */ = {isa = PBXBuildFile; fileRef = 2E81D4DA28A22F9E001FB6C6 /* MainPage.swift */; };
		384F039D28A1DFE000121D19 /* ToDoManager_iOSApp.swift in Sources */ = {isa = PBXBuildFile; fileRef = 384F039C28A1DFE000121D19 /* ToDoManager_iOSApp.swift */; };
		384F039F28A1DFE000121D19 /* TaskListView.swift in Sources */ = {isa = PBXBuildFile; fileRef = 384F039E28A1DFE000121D19 /* TaskListView.swift */; };
		384F03A128A1DFE200121D19 /* Assets.xcassets in Resources */ = {isa = PBXBuildFile; fileRef = 384F03A028A1DFE200121D19 /* Assets.xcassets */; };
		384F03A428A1DFE200121D19 /* Preview Assets.xcassets in Resources */ = {isa = PBXBuildFile; fileRef = 384F03A328A1DFE200121D19 /* Preview Assets.xcassets */; };
		384F03A628A1DFE200121D19 /* Persistence.swift in Sources */ = {isa = PBXBuildFile; fileRef = 384F03A528A1DFE200121D19 /* Persistence.swift */; };
		384F03A928A1DFE200121D19 /* ToDoManager_iOS.xcdatamodeld in Sources */ = {isa = PBXBuildFile; fileRef = 384F03A728A1DFE200121D19 /* ToDoManager_iOS.xcdatamodeld */; };
		384F03B328A1DFE200121D19 /* ToDoManager_iOSTests.swift in Sources */ = {isa = PBXBuildFile; fileRef = 384F03B228A1DFE200121D19 /* ToDoManager_iOSTests.swift */; };
		384F03BD28A1DFE200121D19 /* ToDoManager_iOSUITests.swift in Sources */ = {isa = PBXBuildFile; fileRef = 384F03BC28A1DFE200121D19 /* ToDoManager_iOSUITests.swift */; };
		384F03BF28A1DFE200121D19 /* ToDoManager_iOSUITestsLaunchTests.swift in Sources */ = {isa = PBXBuildFile; fileRef = 384F03BE28A1DFE200121D19 /* ToDoManager_iOSUITestsLaunchTests.swift */; };
		384F03D028A1E01200121D19 /* ToDoManager_MacOSApp.swift in Sources */ = {isa = PBXBuildFile; fileRef = 384F03CF28A1E01200121D19 /* ToDoManager_MacOSApp.swift */; };
		384F03D228A1E01200121D19 /* ContentView.swift in Sources */ = {isa = PBXBuildFile; fileRef = 384F03D128A1E01200121D19 /* ContentView.swift */; };
		384F03D428A1E01300121D19 /* Assets.xcassets in Resources */ = {isa = PBXBuildFile; fileRef = 384F03D328A1E01300121D19 /* Assets.xcassets */; };
		384F03D728A1E01300121D19 /* Preview Assets.xcassets in Resources */ = {isa = PBXBuildFile; fileRef = 384F03D628A1E01300121D19 /* Preview Assets.xcassets */; };
		384F03D928A1E01300121D19 /* Persistence.swift in Sources */ = {isa = PBXBuildFile; fileRef = 384F03D828A1E01300121D19 /* Persistence.swift */; };
		384F03DC28A1E01300121D19 /* ToDoManager_MacOS.xcdatamodeld in Sources */ = {isa = PBXBuildFile; fileRef = 384F03DA28A1E01300121D19 /* ToDoManager_MacOS.xcdatamodeld */; };
		384F03E728A1E01300121D19 /* ToDoManager_MacOSTests.swift in Sources */ = {isa = PBXBuildFile; fileRef = 384F03E628A1E01300121D19 /* ToDoManager_MacOSTests.swift */; };
		384F03F128A1E01300121D19 /* ToDoManager_MacOSUITests.swift in Sources */ = {isa = PBXBuildFile; fileRef = 384F03F028A1E01300121D19 /* ToDoManager_MacOSUITests.swift */; };
		384F03F328A1E01300121D19 /* ToDoManager_MacOSUITestsLaunchTests.swift in Sources */ = {isa = PBXBuildFile; fileRef = 384F03F228A1E01300121D19 /* ToDoManager_MacOSUITestsLaunchTests.swift */; };
		384F040028A1E05B00121D19 /* MainModel.swift in Sources */ = {isa = PBXBuildFile; fileRef = 384F03FF28A1E05B00121D19 /* MainModel.swift */; };
		384F040328A1E26400121D19 /* PreviewAssets.xcassets in Resources */ = {isa = PBXBuildFile; fileRef = 384F040228A1E26400121D19 /* PreviewAssets.xcassets */; };
		384F040428A1E26400121D19 /* PreviewAssets.xcassets in Resources */ = {isa = PBXBuildFile; fileRef = 384F040228A1E26400121D19 /* PreviewAssets.xcassets */; };
		384F040528A1E2F600121D19 /* MainModel.swift in Sources */ = {isa = PBXBuildFile; fileRef = 384F03FF28A1E05B00121D19 /* MainModel.swift */; };
/* End PBXBuildFile section */

/* Begin PBXContainerItemProxy section */
		384F03AF28A1DFE200121D19 /* PBXContainerItemProxy */ = {
			isa = PBXContainerItemProxy;
			containerPortal = 384F038F28A1DF5300121D19 /* Project object */;
			proxyType = 1;
			remoteGlobalIDString = 384F039828A1DFE000121D19;
			remoteInfo = "ToDoManager-iOS";
		};
		384F03B928A1DFE200121D19 /* PBXContainerItemProxy */ = {
			isa = PBXContainerItemProxy;
			containerPortal = 384F038F28A1DF5300121D19 /* Project object */;
			proxyType = 1;
			remoteGlobalIDString = 384F039828A1DFE000121D19;
			remoteInfo = "ToDoManager-iOS";
		};
		384F03E328A1E01300121D19 /* PBXContainerItemProxy */ = {
			isa = PBXContainerItemProxy;
			containerPortal = 384F038F28A1DF5300121D19 /* Project object */;
			proxyType = 1;
			remoteGlobalIDString = 384F03CC28A1E01200121D19;
			remoteInfo = "ToDoManager-MacOS";
		};
		384F03ED28A1E01300121D19 /* PBXContainerItemProxy */ = {
			isa = PBXContainerItemProxy;
			containerPortal = 384F038F28A1DF5300121D19 /* Project object */;
			proxyType = 1;
			remoteGlobalIDString = 384F03CC28A1E01200121D19;
			remoteInfo = "ToDoManager-MacOS";
		};
/* End PBXContainerItemProxy section */

/* Begin PBXFileReference section */
		2E81D4DA28A22F9E001FB6C6 /* MainPage.swift */ = {isa = PBXFileReference; lastKnownFileType = sourcecode.swift; path = MainPage.swift; sourceTree = "<group>"; };
		384F039928A1DFE000121D19 /* ToDoManager-iOS.app */ = {isa = PBXFileReference; explicitFileType = wrapper.application; includeInIndex = 0; path = "ToDoManager-iOS.app"; sourceTree = BUILT_PRODUCTS_DIR; };
		384F039C28A1DFE000121D19 /* ToDoManager_iOSApp.swift */ = {isa = PBXFileReference; lastKnownFileType = sourcecode.swift; path = ToDoManager_iOSApp.swift; sourceTree = "<group>"; };
		384F039E28A1DFE000121D19 /* TaskListView.swift */ = {isa = PBXFileReference; lastKnownFileType = sourcecode.swift; path = TaskListView.swift; sourceTree = "<group>"; };
		384F03A028A1DFE200121D19 /* Assets.xcassets */ = {isa = PBXFileReference; lastKnownFileType = folder.assetcatalog; path = Assets.xcassets; sourceTree = "<group>"; };
		384F03A328A1DFE200121D19 /* Preview Assets.xcassets */ = {isa = PBXFileReference; lastKnownFileType = folder.assetcatalog; path = "Preview Assets.xcassets"; sourceTree = "<group>"; };
		384F03A528A1DFE200121D19 /* Persistence.swift */ = {isa = PBXFileReference; lastKnownFileType = sourcecode.swift; path = Persistence.swift; sourceTree = "<group>"; };
		384F03A828A1DFE200121D19 /* ToDoManager_iOS.xcdatamodel */ = {isa = PBXFileReference; lastKnownFileType = wrapper.xcdatamodel; path = ToDoManager_iOS.xcdatamodel; sourceTree = "<group>"; };
		384F03AE28A1DFE200121D19 /* ToDoManager-iOSTests.xctest */ = {isa = PBXFileReference; explicitFileType = wrapper.cfbundle; includeInIndex = 0; path = "ToDoManager-iOSTests.xctest"; sourceTree = BUILT_PRODUCTS_DIR; };
		384F03B228A1DFE200121D19 /* ToDoManager_iOSTests.swift */ = {isa = PBXFileReference; lastKnownFileType = sourcecode.swift; path = ToDoManager_iOSTests.swift; sourceTree = "<group>"; };
		384F03B828A1DFE200121D19 /* ToDoManager-iOSUITests.xctest */ = {isa = PBXFileReference; explicitFileType = wrapper.cfbundle; includeInIndex = 0; path = "ToDoManager-iOSUITests.xctest"; sourceTree = BUILT_PRODUCTS_DIR; };
		384F03BC28A1DFE200121D19 /* ToDoManager_iOSUITests.swift */ = {isa = PBXFileReference; lastKnownFileType = sourcecode.swift; path = ToDoManager_iOSUITests.swift; sourceTree = "<group>"; };
		384F03BE28A1DFE200121D19 /* ToDoManager_iOSUITestsLaunchTests.swift */ = {isa = PBXFileReference; lastKnownFileType = sourcecode.swift; path = ToDoManager_iOSUITestsLaunchTests.swift; sourceTree = "<group>"; };
		384F03CD28A1E01200121D19 /* ToDoManager-MacOS.app */ = {isa = PBXFileReference; explicitFileType = wrapper.application; includeInIndex = 0; path = "ToDoManager-MacOS.app"; sourceTree = BUILT_PRODUCTS_DIR; };
		384F03CF28A1E01200121D19 /* ToDoManager_MacOSApp.swift */ = {isa = PBXFileReference; lastKnownFileType = sourcecode.swift; path = ToDoManager_MacOSApp.swift; sourceTree = "<group>"; };
		384F03D128A1E01200121D19 /* ContentView.swift */ = {isa = PBXFileReference; lastKnownFileType = sourcecode.swift; path = ContentView.swift; sourceTree = "<group>"; };
		384F03D328A1E01300121D19 /* Assets.xcassets */ = {isa = PBXFileReference; lastKnownFileType = folder.assetcatalog; path = Assets.xcassets; sourceTree = "<group>"; };
		384F03D628A1E01300121D19 /* Preview Assets.xcassets */ = {isa = PBXFileReference; lastKnownFileType = folder.assetcatalog; path = "Preview Assets.xcassets"; sourceTree = "<group>"; };
		384F03D828A1E01300121D19 /* Persistence.swift */ = {isa = PBXFileReference; lastKnownFileType = sourcecode.swift; path = Persistence.swift; sourceTree = "<group>"; };
		384F03DB28A1E01300121D19 /* ToDoManager_MacOS.xcdatamodel */ = {isa = PBXFileReference; lastKnownFileType = wrapper.xcdatamodel; path = ToDoManager_MacOS.xcdatamodel; sourceTree = "<group>"; };
		384F03DD28A1E01300121D19 /* ToDoManager_MacOS.entitlements */ = {isa = PBXFileReference; lastKnownFileType = text.plist.entitlements; path = ToDoManager_MacOS.entitlements; sourceTree = "<group>"; };
		384F03E228A1E01300121D19 /* ToDoManager-MacOSTests.xctest */ = {isa = PBXFileReference; explicitFileType = wrapper.cfbundle; includeInIndex = 0; path = "ToDoManager-MacOSTests.xctest"; sourceTree = BUILT_PRODUCTS_DIR; };
		384F03E628A1E01300121D19 /* ToDoManager_MacOSTests.swift */ = {isa = PBXFileReference; lastKnownFileType = sourcecode.swift; path = ToDoManager_MacOSTests.swift; sourceTree = "<group>"; };
		384F03EC28A1E01300121D19 /* ToDoManager-MacOSUITests.xctest */ = {isa = PBXFileReference; explicitFileType = wrapper.cfbundle; includeInIndex = 0; path = "ToDoManager-MacOSUITests.xctest"; sourceTree = BUILT_PRODUCTS_DIR; };
		384F03F028A1E01300121D19 /* ToDoManager_MacOSUITests.swift */ = {isa = PBXFileReference; lastKnownFileType = sourcecode.swift; path = ToDoManager_MacOSUITests.swift; sourceTree = "<group>"; };
		384F03F228A1E01300121D19 /* ToDoManager_MacOSUITestsLaunchTests.swift */ = {isa = PBXFileReference; lastKnownFileType = sourcecode.swift; path = ToDoManager_MacOSUITestsLaunchTests.swift; sourceTree = "<group>"; };
		384F03FF28A1E05B00121D19 /* MainModel.swift */ = {isa = PBXFileReference; lastKnownFileType = sourcecode.swift; path = MainModel.swift; sourceTree = "<group>"; };
		384F040228A1E26400121D19 /* PreviewAssets.xcassets */ = {isa = PBXFileReference; lastKnownFileType = folder.assetcatalog; path = PreviewAssets.xcassets; sourceTree = "<group>"; };
/* End PBXFileReference section */

/* Begin PBXFrameworksBuildPhase section */
		384F039628A1DFE000121D19 /* Frameworks */ = {
			isa = PBXFrameworksBuildPhase;
			buildActionMask = 2147483647;
			files = (
			);
			runOnlyForDeploymentPostprocessing = 0;
		};
		384F03AB28A1DFE200121D19 /* Frameworks */ = {
			isa = PBXFrameworksBuildPhase;
			buildActionMask = 2147483647;
			files = (
			);
			runOnlyForDeploymentPostprocessing = 0;
		};
		384F03B528A1DFE200121D19 /* Frameworks */ = {
			isa = PBXFrameworksBuildPhase;
			buildActionMask = 2147483647;
			files = (
			);
			runOnlyForDeploymentPostprocessing = 0;
		};
		384F03CA28A1E01200121D19 /* Frameworks */ = {
			isa = PBXFrameworksBuildPhase;
			buildActionMask = 2147483647;
			files = (
			);
			runOnlyForDeploymentPostprocessing = 0;
		};
		384F03DF28A1E01300121D19 /* Frameworks */ = {
			isa = PBXFrameworksBuildPhase;
			buildActionMask = 2147483647;
			files = (
			);
			runOnlyForDeploymentPostprocessing = 0;
		};
		384F03E928A1E01300121D19 /* Frameworks */ = {
			isa = PBXFrameworksBuildPhase;
			buildActionMask = 2147483647;
			files = (
			);
			runOnlyForDeploymentPostprocessing = 0;
		};
/* End PBXFrameworksBuildPhase section */

/* Begin PBXGroup section */
		3838A68128A26C3200BDC8FB /* Resources */ = {
			isa = PBXGroup;
			children = (
				384F039C28A1DFE000121D19 /* ToDoManager_iOSApp.swift */,
				384F03A528A1DFE200121D19 /* Persistence.swift */,
				384F03A028A1DFE200121D19 /* Assets.xcassets */,
			);
			path = Resources;
			sourceTree = "<group>";
		};
		3838A68228A26C6100BDC8FB /* Views */ = {
			isa = PBXGroup;
			children = (
				2E81D4DA28A22F9E001FB6C6 /* MainPage.swift */,
				384F039E28A1DFE000121D19 /* TaskListView.swift */,
			);
			path = Views;
			sourceTree = "<group>";
		};
		384F038E28A1DF5300121D19 = {
			isa = PBXGroup;
			children = (
				384F03FD28A1E02800121D19 /* Shared */,
				384F039B28A1DFE000121D19 /* ToDoManager-iOS */,
				384F03B128A1DFE200121D19 /* ToDoManager-iOSTests */,
				384F03BB28A1DFE200121D19 /* ToDoManager-iOSUITests */,
				384F03CE28A1E01200121D19 /* ToDoManager-MacOS */,
				384F03E528A1E01300121D19 /* ToDoManager-MacOSTests */,
				384F03EF28A1E01300121D19 /* ToDoManager-MacOSUITests */,
				384F039A28A1DFE000121D19 /* Products */,
			);
			sourceTree = "<group>";
		};
		384F039A28A1DFE000121D19 /* Products */ = {
			isa = PBXGroup;
			children = (
				384F039928A1DFE000121D19 /* ToDoManager-iOS.app */,
				384F03AE28A1DFE200121D19 /* ToDoManager-iOSTests.xctest */,
				384F03B828A1DFE200121D19 /* ToDoManager-iOSUITests.xctest */,
				384F03CD28A1E01200121D19 /* ToDoManager-MacOS.app */,
				384F03E228A1E01300121D19 /* ToDoManager-MacOSTests.xctest */,
				384F03EC28A1E01300121D19 /* ToDoManager-MacOSUITests.xctest */,
			);
			name = Products;
			sourceTree = "<group>";
		};
		384F039B28A1DFE000121D19 /* ToDoManager-iOS */ = {
			isa = PBXGroup;
			children = (
				3838A68228A26C6100BDC8FB /* Views */,
				3838A68128A26C3200BDC8FB /* Resources */,
				384F03A728A1DFE200121D19 /* ToDoManager_iOS.xcdatamodeld */,
				384F03A228A1DFE200121D19 /* Preview Content */,
			);
			path = "ToDoManager-iOS";
			sourceTree = "<group>";
		};
		384F03A228A1DFE200121D19 /* Preview Content */ = {
			isa = PBXGroup;
			children = (
				384F03A328A1DFE200121D19 /* Preview Assets.xcassets */,
			);
			path = "Preview Content";
			sourceTree = "<group>";
		};
		384F03B128A1DFE200121D19 /* ToDoManager-iOSTests */ = {
			isa = PBXGroup;
			children = (
				384F03B228A1DFE200121D19 /* ToDoManager_iOSTests.swift */,
			);
			path = "ToDoManager-iOSTests";
			sourceTree = "<group>";
		};
		384F03BB28A1DFE200121D19 /* ToDoManager-iOSUITests */ = {
			isa = PBXGroup;
			children = (
				384F03BC28A1DFE200121D19 /* ToDoManager_iOSUITests.swift */,
				384F03BE28A1DFE200121D19 /* ToDoManager_iOSUITestsLaunchTests.swift */,
			);
			path = "ToDoManager-iOSUITests";
			sourceTree = "<group>";
		};
		384F03CE28A1E01200121D19 /* ToDoManager-MacOS */ = {
			isa = PBXGroup;
			children = (
				384F03CF28A1E01200121D19 /* ToDoManager_MacOSApp.swift */,
				384F03D128A1E01200121D19 /* ContentView.swift */,
				384F03D328A1E01300121D19 /* Assets.xcassets */,
				384F03D828A1E01300121D19 /* Persistence.swift */,
				384F03DD28A1E01300121D19 /* ToDoManager_MacOS.entitlements */,
				384F03DA28A1E01300121D19 /* ToDoManager_MacOS.xcdatamodeld */,
				384F03D528A1E01300121D19 /* Preview Content */,
			);
			path = "ToDoManager-MacOS";
			sourceTree = "<group>";
		};
		384F03D528A1E01300121D19 /* Preview Content */ = {
			isa = PBXGroup;
			children = (
				384F03D628A1E01300121D19 /* Preview Assets.xcassets */,
			);
			path = "Preview Content";
			sourceTree = "<group>";
		};
		384F03E528A1E01300121D19 /* ToDoManager-MacOSTests */ = {
			isa = PBXGroup;
			children = (
				384F03E628A1E01300121D19 /* ToDoManager_MacOSTests.swift */,
			);
			path = "ToDoManager-MacOSTests";
			sourceTree = "<group>";
		};
		384F03EF28A1E01300121D19 /* ToDoManager-MacOSUITests */ = {
			isa = PBXGroup;
			children = (
				384F03F028A1E01300121D19 /* ToDoManager_MacOSUITests.swift */,
				384F03F228A1E01300121D19 /* ToDoManager_MacOSUITestsLaunchTests.swift */,
			);
			path = "ToDoManager-MacOSUITests";
			sourceTree = "<group>";
		};
		384F03FD28A1E02800121D19 /* Shared */ = {
			isa = PBXGroup;
			children = (
				384F040628A1E31B00121D19 /* Views */,
				384F040128A1E21F00121D19 /* PreviewContent */,
				384F03FE28A1E05000121D19 /* Models */,
			);
			path = Shared;
			sourceTree = "<group>";
		};
		384F03FE28A1E05000121D19 /* Models */ = {
			isa = PBXGroup;
			children = (
				384F03FF28A1E05B00121D19 /* MainModel.swift */,
			);
			path = Models;
			sourceTree = "<group>";
		};
		384F040128A1E21F00121D19 /* PreviewContent */ = {
			isa = PBXGroup;
			children = (
				384F040228A1E26400121D19 /* PreviewAssets.xcassets */,
			);
			path = PreviewContent;
			sourceTree = "<group>";
		};
		384F040628A1E31B00121D19 /* Views */ = {
			isa = PBXGroup;
			children = (
			);
			path = Views;
			sourceTree = "<group>";
		};
/* End PBXGroup section */

/* Begin PBXNativeTarget section */
		384F039828A1DFE000121D19 /* ToDoManager-iOS */ = {
			isa = PBXNativeTarget;
			buildConfigurationList = 384F03C028A1DFE200121D19 /* Build configuration list for PBXNativeTarget "ToDoManager-iOS" */;
			buildPhases = (
				384F039528A1DFE000121D19 /* Sources */,
				384F039628A1DFE000121D19 /* Frameworks */,
				384F039728A1DFE000121D19 /* Resources */,
			);
			buildRules = (
			);
			dependencies = (
			);
			name = "ToDoManager-iOS";
			productName = "ToDoManager-iOS";
			productReference = 384F039928A1DFE000121D19 /* ToDoManager-iOS.app */;
			productType = "com.apple.product-type.application";
		};
		384F03AD28A1DFE200121D19 /* ToDoManager-iOSTests */ = {
			isa = PBXNativeTarget;
			buildConfigurationList = 384F03C328A1DFE200121D19 /* Build configuration list for PBXNativeTarget "ToDoManager-iOSTests" */;
			buildPhases = (
				384F03AA28A1DFE200121D19 /* Sources */,
				384F03AB28A1DFE200121D19 /* Frameworks */,
				384F03AC28A1DFE200121D19 /* Resources */,
			);
			buildRules = (
			);
			dependencies = (
				384F03B028A1DFE200121D19 /* PBXTargetDependency */,
			);
			name = "ToDoManager-iOSTests";
			productName = "ToDoManager-iOSTests";
			productReference = 384F03AE28A1DFE200121D19 /* ToDoManager-iOSTests.xctest */;
			productType = "com.apple.product-type.bundle.unit-test";
		};
		384F03B728A1DFE200121D19 /* ToDoManager-iOSUITests */ = {
			isa = PBXNativeTarget;
			buildConfigurationList = 384F03C628A1DFE200121D19 /* Build configuration list for PBXNativeTarget "ToDoManager-iOSUITests" */;
			buildPhases = (
				384F03B428A1DFE200121D19 /* Sources */,
				384F03B528A1DFE200121D19 /* Frameworks */,
				384F03B628A1DFE200121D19 /* Resources */,
			);
			buildRules = (
			);
			dependencies = (
				384F03BA28A1DFE200121D19 /* PBXTargetDependency */,
			);
			name = "ToDoManager-iOSUITests";
			productName = "ToDoManager-iOSUITests";
			productReference = 384F03B828A1DFE200121D19 /* ToDoManager-iOSUITests.xctest */;
			productType = "com.apple.product-type.bundle.ui-testing";
		};
		384F03CC28A1E01200121D19 /* ToDoManager-MacOS */ = {
			isa = PBXNativeTarget;
			buildConfigurationList = 384F03F428A1E01300121D19 /* Build configuration list for PBXNativeTarget "ToDoManager-MacOS" */;
			buildPhases = (
				384F03C928A1E01200121D19 /* Sources */,
				384F03CA28A1E01200121D19 /* Frameworks */,
				384F03CB28A1E01200121D19 /* Resources */,
			);
			buildRules = (
			);
			dependencies = (
			);
			name = "ToDoManager-MacOS";
			productName = "ToDoManager-MacOS";
			productReference = 384F03CD28A1E01200121D19 /* ToDoManager-MacOS.app */;
			productType = "com.apple.product-type.application";
		};
		384F03E128A1E01300121D19 /* ToDoManager-MacOSTests */ = {
			isa = PBXNativeTarget;
			buildConfigurationList = 384F03F728A1E01300121D19 /* Build configuration list for PBXNativeTarget "ToDoManager-MacOSTests" */;
			buildPhases = (
				384F03DE28A1E01300121D19 /* Sources */,
				384F03DF28A1E01300121D19 /* Frameworks */,
				384F03E028A1E01300121D19 /* Resources */,
			);
			buildRules = (
			);
			dependencies = (
				384F03E428A1E01300121D19 /* PBXTargetDependency */,
			);
			name = "ToDoManager-MacOSTests";
			productName = "ToDoManager-MacOSTests";
			productReference = 384F03E228A1E01300121D19 /* ToDoManager-MacOSTests.xctest */;
			productType = "com.apple.product-type.bundle.unit-test";
		};
		384F03EB28A1E01300121D19 /* ToDoManager-MacOSUITests */ = {
			isa = PBXNativeTarget;
			buildConfigurationList = 384F03FA28A1E01300121D19 /* Build configuration list for PBXNativeTarget "ToDoManager-MacOSUITests" */;
			buildPhases = (
				384F03E828A1E01300121D19 /* Sources */,
				384F03E928A1E01300121D19 /* Frameworks */,
				384F03EA28A1E01300121D19 /* Resources */,
			);
			buildRules = (
			);
			dependencies = (
				384F03EE28A1E01300121D19 /* PBXTargetDependency */,
			);
			name = "ToDoManager-MacOSUITests";
			productName = "ToDoManager-MacOSUITests";
			productReference = 384F03EC28A1E01300121D19 /* ToDoManager-MacOSUITests.xctest */;
			productType = "com.apple.product-type.bundle.ui-testing";
		};
/* End PBXNativeTarget section */

/* Begin PBXProject section */
		384F038F28A1DF5300121D19 /* Project object */ = {
			isa = PBXProject;
			attributes = {
				BuildIndependentTargetsInParallel = 1;
				LastSwiftUpdateCheck = 1340;
				LastUpgradeCheck = 1340;
				TargetAttributes = {
					384F039828A1DFE000121D19 = {
						CreatedOnToolsVersion = 13.4.1;
					};
					384F03AD28A1DFE200121D19 = {
						CreatedOnToolsVersion = 13.4.1;
						TestTargetID = 384F039828A1DFE000121D19;
					};
					384F03B728A1DFE200121D19 = {
						CreatedOnToolsVersion = 13.4.1;
						TestTargetID = 384F039828A1DFE000121D19;
					};
					384F03CC28A1E01200121D19 = {
						CreatedOnToolsVersion = 13.4.1;
					};
					384F03E128A1E01300121D19 = {
						CreatedOnToolsVersion = 13.4.1;
						TestTargetID = 384F03CC28A1E01200121D19;
					};
					384F03EB28A1E01300121D19 = {
						CreatedOnToolsVersion = 13.4.1;
						TestTargetID = 384F03CC28A1E01200121D19;
					};
				};
			};
			buildConfigurationList = 384F039228A1DF5300121D19 /* Build configuration list for PBXProject "ToDoManager" */;
			compatibilityVersion = "Xcode 13.0";
			developmentRegion = en;
			hasScannedForEncodings = 0;
			knownRegions = (
				en,
				Base,
			);
			mainGroup = 384F038E28A1DF5300121D19;
			productRefGroup = 384F039A28A1DFE000121D19 /* Products */;
			projectDirPath = "";
			projectRoot = "";
			targets = (
				384F039828A1DFE000121D19 /* ToDoManager-iOS */,
				384F03AD28A1DFE200121D19 /* ToDoManager-iOSTests */,
				384F03B728A1DFE200121D19 /* ToDoManager-iOSUITests */,
				384F03CC28A1E01200121D19 /* ToDoManager-MacOS */,
				384F03E128A1E01300121D19 /* ToDoManager-MacOSTests */,
				384F03EB28A1E01300121D19 /* ToDoManager-MacOSUITests */,
			);
		};
/* End PBXProject section */

/* Begin PBXResourcesBuildPhase section */
		384F039728A1DFE000121D19 /* Resources */ = {
			isa = PBXResourcesBuildPhase;
			buildActionMask = 2147483647;
			files = (
				384F040328A1E26400121D19 /* PreviewAssets.xcassets in Resources */,
				384F03A428A1DFE200121D19 /* Preview Assets.xcassets in Resources */,
				384F03A128A1DFE200121D19 /* Assets.xcassets in Resources */,
			);
			runOnlyForDeploymentPostprocessing = 0;
		};
		384F03AC28A1DFE200121D19 /* Resources */ = {
			isa = PBXResourcesBuildPhase;
			buildActionMask = 2147483647;
			files = (
			);
			runOnlyForDeploymentPostprocessing = 0;
		};
		384F03B628A1DFE200121D19 /* Resources */ = {
			isa = PBXResourcesBuildPhase;
			buildActionMask = 2147483647;
			files = (
			);
			runOnlyForDeploymentPostprocessing = 0;
		};
		384F03CB28A1E01200121D19 /* Resources */ = {
			isa = PBXResourcesBuildPhase;
			buildActionMask = 2147483647;
			files = (
				384F040428A1E26400121D19 /* PreviewAssets.xcassets in Resources */,
				384F03D728A1E01300121D19 /* Preview Assets.xcassets in Resources */,
				384F03D428A1E01300121D19 /* Assets.xcassets in Resources */,
			);
			runOnlyForDeploymentPostprocessing = 0;
		};
		384F03E028A1E01300121D19 /* Resources */ = {
			isa = PBXResourcesBuildPhase;
			buildActionMask = 2147483647;
			files = (
			);
			runOnlyForDeploymentPostprocessing = 0;
		};
		384F03EA28A1E01300121D19 /* Resources */ = {
			isa = PBXResourcesBuildPhase;
			buildActionMask = 2147483647;
			files = (
			);
			runOnlyForDeploymentPostprocessing = 0;
		};
/* End PBXResourcesBuildPhase section */

/* Begin PBXSourcesBuildPhase section */
		384F039528A1DFE000121D19 /* Sources */ = {
			isa = PBXSourcesBuildPhase;
			buildActionMask = 2147483647;
			files = (
				384F03A628A1DFE200121D19 /* Persistence.swift in Sources */,
				384F039F28A1DFE000121D19 /* TaskListView.swift in Sources */,
				384F039D28A1DFE000121D19 /* ToDoManager_iOSApp.swift in Sources */,
				384F040028A1E05B00121D19 /* MainModel.swift in Sources */,
				384F03A928A1DFE200121D19 /* ToDoManager_iOS.xcdatamodeld in Sources */,
				2E81D4DB28A22F9E001FB6C6 /* MainPage.swift in Sources */,
			);
			runOnlyForDeploymentPostprocessing = 0;
		};
		384F03AA28A1DFE200121D19 /* Sources */ = {
			isa = PBXSourcesBuildPhase;
			buildActionMask = 2147483647;
			files = (
				384F03B328A1DFE200121D19 /* ToDoManager_iOSTests.swift in Sources */,
			);
			runOnlyForDeploymentPostprocessing = 0;
		};
		384F03B428A1DFE200121D19 /* Sources */ = {
			isa = PBXSourcesBuildPhase;
			buildActionMask = 2147483647;
			files = (
				384F03BF28A1DFE200121D19 /* ToDoManager_iOSUITestsLaunchTests.swift in Sources */,
				384F03BD28A1DFE200121D19 /* ToDoManager_iOSUITests.swift in Sources */,
			);
			runOnlyForDeploymentPostprocessing = 0;
		};
		384F03C928A1E01200121D19 /* Sources */ = {
			isa = PBXSourcesBuildPhase;
			buildActionMask = 2147483647;
			files = (
				384F03D928A1E01300121D19 /* Persistence.swift in Sources */,
				384F03DC28A1E01300121D19 /* ToDoManager_MacOS.xcdatamodeld in Sources */,
				384F03D228A1E01200121D19 /* ContentView.swift in Sources */,
				384F040528A1E2F600121D19 /* MainModel.swift in Sources */,
				384F03D028A1E01200121D19 /* ToDoManager_MacOSApp.swift in Sources */,
			);
			runOnlyForDeploymentPostprocessing = 0;
		};
		384F03DE28A1E01300121D19 /* Sources */ = {
			isa = PBXSourcesBuildPhase;
			buildActionMask = 2147483647;
			files = (
				384F03E728A1E01300121D19 /* ToDoManager_MacOSTests.swift in Sources */,
			);
			runOnlyForDeploymentPostprocessing = 0;
		};
		384F03E828A1E01300121D19 /* Sources */ = {
			isa = PBXSourcesBuildPhase;
			buildActionMask = 2147483647;
			files = (
				384F03F328A1E01300121D19 /* ToDoManager_MacOSUITestsLaunchTests.swift in Sources */,
				384F03F128A1E01300121D19 /* ToDoManager_MacOSUITests.swift in Sources */,
			);
			runOnlyForDeploymentPostprocessing = 0;
		};
/* End PBXSourcesBuildPhase section */

/* Begin PBXTargetDependency section */
		384F03B028A1DFE200121D19 /* PBXTargetDependency */ = {
			isa = PBXTargetDependency;
			target = 384F039828A1DFE000121D19 /* ToDoManager-iOS */;
			targetProxy = 384F03AF28A1DFE200121D19 /* PBXContainerItemProxy */;
		};
		384F03BA28A1DFE200121D19 /* PBXTargetDependency */ = {
			isa = PBXTargetDependency;
			target = 384F039828A1DFE000121D19 /* ToDoManager-iOS */;
			targetProxy = 384F03B928A1DFE200121D19 /* PBXContainerItemProxy */;
		};
		384F03E428A1E01300121D19 /* PBXTargetDependency */ = {
			isa = PBXTargetDependency;
			target = 384F03CC28A1E01200121D19 /* ToDoManager-MacOS */;
			targetProxy = 384F03E328A1E01300121D19 /* PBXContainerItemProxy */;
		};
		384F03EE28A1E01300121D19 /* PBXTargetDependency */ = {
			isa = PBXTargetDependency;
			target = 384F03CC28A1E01200121D19 /* ToDoManager-MacOS */;
			targetProxy = 384F03ED28A1E01300121D19 /* PBXContainerItemProxy */;
		};
/* End PBXTargetDependency section */

/* Begin XCBuildConfiguration section */
		384F039328A1DF5300121D19 /* Debug */ = {
			isa = XCBuildConfiguration;
			buildSettings = {
				IPHONEOS_DEPLOYMENT_TARGET = 15.0;
				MACOSX_DEPLOYMENT_TARGET = 11.5;
				SWIFT_VERSION = "";
			};
			name = Debug;
		};
		384F039428A1DF5300121D19 /* Release */ = {
			isa = XCBuildConfiguration;
			buildSettings = {
				IPHONEOS_DEPLOYMENT_TARGET = 15.0;
				MACOSX_DEPLOYMENT_TARGET = 11.5;
				SWIFT_VERSION = "";
			};
			name = Release;
		};
		384F03C128A1DFE200121D19 /* Debug */ = {
			isa = XCBuildConfiguration;
			buildSettings = {
				ALWAYS_SEARCH_USER_PATHS = NO;
				ASSETCATALOG_COMPILER_APPICON_NAME = AppIcon;
				ASSETCATALOG_COMPILER_GLOBAL_ACCENT_COLOR_NAME = AccentColor;
				CLANG_ANALYZER_NONNULL = YES;
				CLANG_ANALYZER_NUMBER_OBJECT_CONVERSION = YES_AGGRESSIVE;
				CLANG_CXX_LANGUAGE_STANDARD = "gnu++17";
				CLANG_ENABLE_MODULES = YES;
				CLANG_ENABLE_OBJC_ARC = YES;
				CLANG_ENABLE_OBJC_WEAK = YES;
				CLANG_WARN_BLOCK_CAPTURE_AUTORELEASING = YES;
				CLANG_WARN_BOOL_CONVERSION = YES;
				CLANG_WARN_COMMA = YES;
				CLANG_WARN_CONSTANT_CONVERSION = YES;
				CLANG_WARN_DEPRECATED_OBJC_IMPLEMENTATIONS = YES;
				CLANG_WARN_DIRECT_OBJC_ISA_USAGE = YES_ERROR;
				CLANG_WARN_DOCUMENTATION_COMMENTS = YES;
				CLANG_WARN_EMPTY_BODY = YES;
				CLANG_WARN_ENUM_CONVERSION = YES;
				CLANG_WARN_INFINITE_RECURSION = YES;
				CLANG_WARN_INT_CONVERSION = YES;
				CLANG_WARN_NON_LITERAL_NULL_CONVERSION = YES;
				CLANG_WARN_OBJC_IMPLICIT_RETAIN_SELF = YES;
				CLANG_WARN_OBJC_LITERAL_CONVERSION = YES;
				CLANG_WARN_OBJC_ROOT_CLASS = YES_ERROR;
				CLANG_WARN_QUOTED_INCLUDE_IN_FRAMEWORK_HEADER = YES;
				CLANG_WARN_RANGE_LOOP_ANALYSIS = YES;
				CLANG_WARN_STRICT_PROTOTYPES = YES;
				CLANG_WARN_SUSPICIOUS_MOVE = YES;
				CLANG_WARN_UNGUARDED_AVAILABILITY = YES_AGGRESSIVE;
				CLANG_WARN_UNREACHABLE_CODE = YES;
				CLANG_WARN__DUPLICATE_METHOD_MATCH = YES;
				CODE_SIGN_STYLE = Automatic;
				COPY_PHASE_STRIP = NO;
				CURRENT_PROJECT_VERSION = 1;
				DEBUG_INFORMATION_FORMAT = dwarf;
				DEVELOPMENT_ASSET_PATHS = "\"ToDoManager-iOS/Preview Content\"";
				DEVELOPMENT_TEAM = 54447HLW3P;
				ENABLE_PREVIEWS = YES;
				ENABLE_STRICT_OBJC_MSGSEND = YES;
				ENABLE_TESTABILITY = YES;
				GCC_C_LANGUAGE_STANDARD = gnu11;
				GCC_DYNAMIC_NO_PIC = NO;
				GCC_NO_COMMON_BLOCKS = YES;
				GCC_OPTIMIZATION_LEVEL = 0;
				GCC_PREPROCESSOR_DEFINITIONS = (
					"DEBUG=1",
					"$(inherited)",
				);
				GCC_WARN_64_TO_32_BIT_CONVERSION = YES;
				GCC_WARN_ABOUT_RETURN_TYPE = YES_ERROR;
				GCC_WARN_UNDECLARED_SELECTOR = YES;
				GCC_WARN_UNINITIALIZED_AUTOS = YES_AGGRESSIVE;
				GCC_WARN_UNUSED_FUNCTION = YES;
				GCC_WARN_UNUSED_VARIABLE = YES;
				GENERATE_INFOPLIST_FILE = YES;
				INFOPLIST_KEY_UIApplicationSceneManifest_Generation = YES;
				INFOPLIST_KEY_UIApplicationSupportsIndirectInputEvents = YES;
				INFOPLIST_KEY_UILaunchScreen_Generation = YES;
				INFOPLIST_KEY_UISupportedInterfaceOrientations_iPad = "UIInterfaceOrientationPortrait UIInterfaceOrientationPortraitUpsideDown UIInterfaceOrientationLandscapeLeft UIInterfaceOrientationLandscapeRight";
				INFOPLIST_KEY_UISupportedInterfaceOrientations_iPhone = "UIInterfaceOrientationPortrait UIInterfaceOrientationLandscapeLeft UIInterfaceOrientationLandscapeRight";
				IPHONEOS_DEPLOYMENT_TARGET = 15.5;
				LD_RUNPATH_SEARCH_PATHS = (
					"$(inherited)",
					"@executable_path/Frameworks",
				);
				MARKETING_VERSION = 1.0;
				MTL_ENABLE_DEBUG_INFO = INCLUDE_SOURCE;
				MTL_FAST_MATH = YES;
				ONLY_ACTIVE_ARCH = YES;
				PRODUCT_BUNDLE_IDENTIFIER = akifev.com;
				PRODUCT_NAME = "$(TARGET_NAME)";
				SDKROOT = iphoneos;
				SWIFT_ACTIVE_COMPILATION_CONDITIONS = DEBUG;
				SWIFT_EMIT_LOC_STRINGS = YES;
				SWIFT_OPTIMIZATION_LEVEL = "-Onone";
				SWIFT_VERSION = 5.0;
				TARGETED_DEVICE_FAMILY = "1,2";
			};
			name = Debug;
		};
		384F03C228A1DFE200121D19 /* Release */ = {
			isa = XCBuildConfiguration;
			buildSettings = {
				ALWAYS_SEARCH_USER_PATHS = NO;
				ASSETCATALOG_COMPILER_APPICON_NAME = AppIcon;
				ASSETCATALOG_COMPILER_GLOBAL_ACCENT_COLOR_NAME = AccentColor;
				CLANG_ANALYZER_NONNULL = YES;
				CLANG_ANALYZER_NUMBER_OBJECT_CONVERSION = YES_AGGRESSIVE;
				CLANG_CXX_LANGUAGE_STANDARD = "gnu++17";
				CLANG_ENABLE_MODULES = YES;
				CLANG_ENABLE_OBJC_ARC = YES;
				CLANG_ENABLE_OBJC_WEAK = YES;
				CLANG_WARN_BLOCK_CAPTURE_AUTORELEASING = YES;
				CLANG_WARN_BOOL_CONVERSION = YES;
				CLANG_WARN_COMMA = YES;
				CLANG_WARN_CONSTANT_CONVERSION = YES;
				CLANG_WARN_DEPRECATED_OBJC_IMPLEMENTATIONS = YES;
				CLANG_WARN_DIRECT_OBJC_ISA_USAGE = YES_ERROR;
				CLANG_WARN_DOCUMENTATION_COMMENTS = YES;
				CLANG_WARN_EMPTY_BODY = YES;
				CLANG_WARN_ENUM_CONVERSION = YES;
				CLANG_WARN_INFINITE_RECURSION = YES;
				CLANG_WARN_INT_CONVERSION = YES;
				CLANG_WARN_NON_LITERAL_NULL_CONVERSION = YES;
				CLANG_WARN_OBJC_IMPLICIT_RETAIN_SELF = YES;
				CLANG_WARN_OBJC_LITERAL_CONVERSION = YES;
				CLANG_WARN_OBJC_ROOT_CLASS = YES_ERROR;
				CLANG_WARN_QUOTED_INCLUDE_IN_FRAMEWORK_HEADER = YES;
				CLANG_WARN_RANGE_LOOP_ANALYSIS = YES;
				CLANG_WARN_STRICT_PROTOTYPES = YES;
				CLANG_WARN_SUSPICIOUS_MOVE = YES;
				CLANG_WARN_UNGUARDED_AVAILABILITY = YES_AGGRESSIVE;
				CLANG_WARN_UNREACHABLE_CODE = YES;
				CLANG_WARN__DUPLICATE_METHOD_MATCH = YES;
				CODE_SIGN_STYLE = Automatic;
				COPY_PHASE_STRIP = NO;
				CURRENT_PROJECT_VERSION = 1;
				DEBUG_INFORMATION_FORMAT = "dwarf-with-dsym";
				DEVELOPMENT_ASSET_PATHS = "\"ToDoManager-iOS/Preview Content\"";
				DEVELOPMENT_TEAM = 54447HLW3P;
				ENABLE_NS_ASSERTIONS = NO;
				ENABLE_PREVIEWS = YES;
				ENABLE_STRICT_OBJC_MSGSEND = YES;
				GCC_C_LANGUAGE_STANDARD = gnu11;
				GCC_NO_COMMON_BLOCKS = YES;
				GCC_WARN_64_TO_32_BIT_CONVERSION = YES;
				GCC_WARN_ABOUT_RETURN_TYPE = YES_ERROR;
				GCC_WARN_UNDECLARED_SELECTOR = YES;
				GCC_WARN_UNINITIALIZED_AUTOS = YES_AGGRESSIVE;
				GCC_WARN_UNUSED_FUNCTION = YES;
				GCC_WARN_UNUSED_VARIABLE = YES;
				GENERATE_INFOPLIST_FILE = YES;
				INFOPLIST_KEY_UIApplicationSceneManifest_Generation = YES;
				INFOPLIST_KEY_UIApplicationSupportsIndirectInputEvents = YES;
				INFOPLIST_KEY_UILaunchScreen_Generation = YES;
				INFOPLIST_KEY_UISupportedInterfaceOrientations_iPad = "UIInterfaceOrientationPortrait UIInterfaceOrientationPortraitUpsideDown UIInterfaceOrientationLandscapeLeft UIInterfaceOrientationLandscapeRight";
				INFOPLIST_KEY_UISupportedInterfaceOrientations_iPhone = "UIInterfaceOrientationPortrait UIInterfaceOrientationLandscapeLeft UIInterfaceOrientationLandscapeRight";
				IPHONEOS_DEPLOYMENT_TARGET = 15.5;
				LD_RUNPATH_SEARCH_PATHS = (
					"$(inherited)",
					"@executable_path/Frameworks",
				);
				MARKETING_VERSION = 1.0;
				MTL_ENABLE_DEBUG_INFO = NO;
				MTL_FAST_MATH = YES;
				PRODUCT_BUNDLE_IDENTIFIER = akifev.com;
				PRODUCT_NAME = "$(TARGET_NAME)";
				SDKROOT = iphoneos;
				SWIFT_COMPILATION_MODE = wholemodule;
				SWIFT_EMIT_LOC_STRINGS = YES;
				SWIFT_OPTIMIZATION_LEVEL = "-O";
				SWIFT_VERSION = 5.0;
				TARGETED_DEVICE_FAMILY = "1,2";
				VALIDATE_PRODUCT = YES;
			};
			name = Release;
		};
		384F03C428A1DFE200121D19 /* Debug */ = {
			isa = XCBuildConfiguration;
			buildSettings = {
				ALWAYS_EMBED_SWIFT_STANDARD_LIBRARIES = YES;
				ALWAYS_SEARCH_USER_PATHS = NO;
				BUNDLE_LOADER = "$(TEST_HOST)";
				CLANG_ANALYZER_NONNULL = YES;
				CLANG_ANALYZER_NUMBER_OBJECT_CONVERSION = YES_AGGRESSIVE;
				CLANG_CXX_LANGUAGE_STANDARD = "gnu++17";
				CLANG_ENABLE_MODULES = YES;
				CLANG_ENABLE_OBJC_ARC = YES;
				CLANG_ENABLE_OBJC_WEAK = YES;
				CLANG_WARN_BLOCK_CAPTURE_AUTORELEASING = YES;
				CLANG_WARN_BOOL_CONVERSION = YES;
				CLANG_WARN_COMMA = YES;
				CLANG_WARN_CONSTANT_CONVERSION = YES;
				CLANG_WARN_DEPRECATED_OBJC_IMPLEMENTATIONS = YES;
				CLANG_WARN_DIRECT_OBJC_ISA_USAGE = YES_ERROR;
				CLANG_WARN_DOCUMENTATION_COMMENTS = YES;
				CLANG_WARN_EMPTY_BODY = YES;
				CLANG_WARN_ENUM_CONVERSION = YES;
				CLANG_WARN_INFINITE_RECURSION = YES;
				CLANG_WARN_INT_CONVERSION = YES;
				CLANG_WARN_NON_LITERAL_NULL_CONVERSION = YES;
				CLANG_WARN_OBJC_IMPLICIT_RETAIN_SELF = YES;
				CLANG_WARN_OBJC_LITERAL_CONVERSION = YES;
				CLANG_WARN_OBJC_ROOT_CLASS = YES_ERROR;
				CLANG_WARN_QUOTED_INCLUDE_IN_FRAMEWORK_HEADER = YES;
				CLANG_WARN_RANGE_LOOP_ANALYSIS = YES;
				CLANG_WARN_STRICT_PROTOTYPES = YES;
				CLANG_WARN_SUSPICIOUS_MOVE = YES;
				CLANG_WARN_UNGUARDED_AVAILABILITY = YES_AGGRESSIVE;
				CLANG_WARN_UNREACHABLE_CODE = YES;
				CLANG_WARN__DUPLICATE_METHOD_MATCH = YES;
				CODE_SIGN_STYLE = Automatic;
				COPY_PHASE_STRIP = NO;
				CURRENT_PROJECT_VERSION = 1;
				DEBUG_INFORMATION_FORMAT = dwarf;
				DEVELOPMENT_TEAM = 3PQ52R8GJN;
				ENABLE_STRICT_OBJC_MSGSEND = YES;
				ENABLE_TESTABILITY = YES;
				GCC_C_LANGUAGE_STANDARD = gnu11;
				GCC_DYNAMIC_NO_PIC = NO;
				GCC_NO_COMMON_BLOCKS = YES;
				GCC_OPTIMIZATION_LEVEL = 0;
				GCC_PREPROCESSOR_DEFINITIONS = (
					"DEBUG=1",
					"$(inherited)",
				);
				GCC_WARN_64_TO_32_BIT_CONVERSION = YES;
				GCC_WARN_ABOUT_RETURN_TYPE = YES_ERROR;
				GCC_WARN_UNDECLARED_SELECTOR = YES;
				GCC_WARN_UNINITIALIZED_AUTOS = YES_AGGRESSIVE;
				GCC_WARN_UNUSED_FUNCTION = YES;
				GCC_WARN_UNUSED_VARIABLE = YES;
				GENERATE_INFOPLIST_FILE = YES;
				IPHONEOS_DEPLOYMENT_TARGET = 15.5;
				MARKETING_VERSION = 1.0;
				MTL_ENABLE_DEBUG_INFO = INCLUDE_SOURCE;
				MTL_FAST_MATH = YES;
				ONLY_ACTIVE_ARCH = YES;
				PRODUCT_BUNDLE_IDENTIFIER = "com.dysya.ToDoManager-iOSTests";
				PRODUCT_NAME = "$(TARGET_NAME)";
				SDKROOT = iphoneos;
				SWIFT_ACTIVE_COMPILATION_CONDITIONS = DEBUG;
				SWIFT_EMIT_LOC_STRINGS = NO;
				SWIFT_OPTIMIZATION_LEVEL = "-Onone";
				SWIFT_VERSION = 5.0;
				TARGETED_DEVICE_FAMILY = "1,2";
				TEST_HOST = "$(BUILT_PRODUCTS_DIR)/ToDoManager-iOS.app/ToDoManager-iOS";
			};
			name = Debug;
		};
		384F03C528A1DFE200121D19 /* Release */ = {
			isa = XCBuildConfiguration;
			buildSettings = {
				ALWAYS_EMBED_SWIFT_STANDARD_LIBRARIES = YES;
				ALWAYS_SEARCH_USER_PATHS = NO;
				BUNDLE_LOADER = "$(TEST_HOST)";
				CLANG_ANALYZER_NONNULL = YES;
				CLANG_ANALYZER_NUMBER_OBJECT_CONVERSION = YES_AGGRESSIVE;
				CLANG_CXX_LANGUAGE_STANDARD = "gnu++17";
				CLANG_ENABLE_MODULES = YES;
				CLANG_ENABLE_OBJC_ARC = YES;
				CLANG_ENABLE_OBJC_WEAK = YES;
				CLANG_WARN_BLOCK_CAPTURE_AUTORELEASING = YES;
				CLANG_WARN_BOOL_CONVERSION = YES;
				CLANG_WARN_COMMA = YES;
				CLANG_WARN_CONSTANT_CONVERSION = YES;
				CLANG_WARN_DEPRECATED_OBJC_IMPLEMENTATIONS = YES;
				CLANG_WARN_DIRECT_OBJC_ISA_USAGE = YES_ERROR;
				CLANG_WARN_DOCUMENTATION_COMMENTS = YES;
				CLANG_WARN_EMPTY_BODY = YES;
				CLANG_WARN_ENUM_CONVERSION = YES;
				CLANG_WARN_INFINITE_RECURSION = YES;
				CLANG_WARN_INT_CONVERSION = YES;
				CLANG_WARN_NON_LITERAL_NULL_CONVERSION = YES;
				CLANG_WARN_OBJC_IMPLICIT_RETAIN_SELF = YES;
				CLANG_WARN_OBJC_LITERAL_CONVERSION = YES;
				CLANG_WARN_OBJC_ROOT_CLASS = YES_ERROR;
				CLANG_WARN_QUOTED_INCLUDE_IN_FRAMEWORK_HEADER = YES;
				CLANG_WARN_RANGE_LOOP_ANALYSIS = YES;
				CLANG_WARN_STRICT_PROTOTYPES = YES;
				CLANG_WARN_SUSPICIOUS_MOVE = YES;
				CLANG_WARN_UNGUARDED_AVAILABILITY = YES_AGGRESSIVE;
				CLANG_WARN_UNREACHABLE_CODE = YES;
				CLANG_WARN__DUPLICATE_METHOD_MATCH = YES;
				CODE_SIGN_STYLE = Automatic;
				COPY_PHASE_STRIP = NO;
				CURRENT_PROJECT_VERSION = 1;
				DEBUG_INFORMATION_FORMAT = "dwarf-with-dsym";
				DEVELOPMENT_TEAM = 3PQ52R8GJN;
				ENABLE_NS_ASSERTIONS = NO;
				ENABLE_STRICT_OBJC_MSGSEND = YES;
				GCC_C_LANGUAGE_STANDARD = gnu11;
				GCC_NO_COMMON_BLOCKS = YES;
				GCC_WARN_64_TO_32_BIT_CONVERSION = YES;
				GCC_WARN_ABOUT_RETURN_TYPE = YES_ERROR;
				GCC_WARN_UNDECLARED_SELECTOR = YES;
				GCC_WARN_UNINITIALIZED_AUTOS = YES_AGGRESSIVE;
				GCC_WARN_UNUSED_FUNCTION = YES;
				GCC_WARN_UNUSED_VARIABLE = YES;
				GENERATE_INFOPLIST_FILE = YES;
				IPHONEOS_DEPLOYMENT_TARGET = 15.5;
				MARKETING_VERSION = 1.0;
				MTL_ENABLE_DEBUG_INFO = NO;
				MTL_FAST_MATH = YES;
				PRODUCT_BUNDLE_IDENTIFIER = "com.dysya.ToDoManager-iOSTests";
				PRODUCT_NAME = "$(TARGET_NAME)";
				SDKROOT = iphoneos;
				SWIFT_COMPILATION_MODE = wholemodule;
				SWIFT_EMIT_LOC_STRINGS = NO;
				SWIFT_OPTIMIZATION_LEVEL = "-O";
				SWIFT_VERSION = 5.0;
				TARGETED_DEVICE_FAMILY = "1,2";
				TEST_HOST = "$(BUILT_PRODUCTS_DIR)/ToDoManager-iOS.app/ToDoManager-iOS";
				VALIDATE_PRODUCT = YES;
			};
			name = Release;
		};
		384F03C728A1DFE200121D19 /* Debug */ = {
			isa = XCBuildConfiguration;
			buildSettings = {
				ALWAYS_EMBED_SWIFT_STANDARD_LIBRARIES = YES;
				ALWAYS_SEARCH_USER_PATHS = NO;
				CLANG_ANALYZER_NONNULL = YES;
				CLANG_ANALYZER_NUMBER_OBJECT_CONVERSION = YES_AGGRESSIVE;
				CLANG_CXX_LANGUAGE_STANDARD = "gnu++17";
				CLANG_ENABLE_MODULES = YES;
				CLANG_ENABLE_OBJC_ARC = YES;
				CLANG_ENABLE_OBJC_WEAK = YES;
				CLANG_WARN_BLOCK_CAPTURE_AUTORELEASING = YES;
				CLANG_WARN_BOOL_CONVERSION = YES;
				CLANG_WARN_COMMA = YES;
				CLANG_WARN_CONSTANT_CONVERSION = YES;
				CLANG_WARN_DEPRECATED_OBJC_IMPLEMENTATIONS = YES;
				CLANG_WARN_DIRECT_OBJC_ISA_USAGE = YES_ERROR;
				CLANG_WARN_DOCUMENTATION_COMMENTS = YES;
				CLANG_WARN_EMPTY_BODY = YES;
				CLANG_WARN_ENUM_CONVERSION = YES;
				CLANG_WARN_INFINITE_RECURSION = YES;
				CLANG_WARN_INT_CONVERSION = YES;
				CLANG_WARN_NON_LITERAL_NULL_CONVERSION = YES;
				CLANG_WARN_OBJC_IMPLICIT_RETAIN_SELF = YES;
				CLANG_WARN_OBJC_LITERAL_CONVERSION = YES;
				CLANG_WARN_OBJC_ROOT_CLASS = YES_ERROR;
				CLANG_WARN_QUOTED_INCLUDE_IN_FRAMEWORK_HEADER = YES;
				CLANG_WARN_RANGE_LOOP_ANALYSIS = YES;
				CLANG_WARN_STRICT_PROTOTYPES = YES;
				CLANG_WARN_SUSPICIOUS_MOVE = YES;
				CLANG_WARN_UNGUARDED_AVAILABILITY = YES_AGGRESSIVE;
				CLANG_WARN_UNREACHABLE_CODE = YES;
				CLANG_WARN__DUPLICATE_METHOD_MATCH = YES;
				CODE_SIGN_STYLE = Automatic;
				COPY_PHASE_STRIP = NO;
				CURRENT_PROJECT_VERSION = 1;
				DEBUG_INFORMATION_FORMAT = dwarf;
				DEVELOPMENT_TEAM = 3PQ52R8GJN;
				ENABLE_STRICT_OBJC_MSGSEND = YES;
				ENABLE_TESTABILITY = YES;
				GCC_C_LANGUAGE_STANDARD = gnu11;
				GCC_DYNAMIC_NO_PIC = NO;
				GCC_NO_COMMON_BLOCKS = YES;
				GCC_OPTIMIZATION_LEVEL = 0;
				GCC_PREPROCESSOR_DEFINITIONS = (
					"DEBUG=1",
					"$(inherited)",
				);
				GCC_WARN_64_TO_32_BIT_CONVERSION = YES;
				GCC_WARN_ABOUT_RETURN_TYPE = YES_ERROR;
				GCC_WARN_UNDECLARED_SELECTOR = YES;
				GCC_WARN_UNINITIALIZED_AUTOS = YES_AGGRESSIVE;
				GCC_WARN_UNUSED_FUNCTION = YES;
				GCC_WARN_UNUSED_VARIABLE = YES;
				GENERATE_INFOPLIST_FILE = YES;
				IPHONEOS_DEPLOYMENT_TARGET = 15.5;
				MARKETING_VERSION = 1.0;
				MTL_ENABLE_DEBUG_INFO = INCLUDE_SOURCE;
				MTL_FAST_MATH = YES;
				ONLY_ACTIVE_ARCH = YES;
				PRODUCT_BUNDLE_IDENTIFIER = "com.dysya.ToDoManager-iOSUITests";
				PRODUCT_NAME = "$(TARGET_NAME)";
				SDKROOT = iphoneos;
				SWIFT_ACTIVE_COMPILATION_CONDITIONS = DEBUG;
				SWIFT_EMIT_LOC_STRINGS = NO;
				SWIFT_OPTIMIZATION_LEVEL = "-Onone";
				SWIFT_VERSION = 5.0;
				TARGETED_DEVICE_FAMILY = "1,2";
				TEST_TARGET_NAME = "ToDoManager-iOS";
			};
			name = Debug;
		};
		384F03C828A1DFE200121D19 /* Release */ = {
			isa = XCBuildConfiguration;
			buildSettings = {
				ALWAYS_EMBED_SWIFT_STANDARD_LIBRARIES = YES;
				ALWAYS_SEARCH_USER_PATHS = NO;
				CLANG_ANALYZER_NONNULL = YES;
				CLANG_ANALYZER_NUMBER_OBJECT_CONVERSION = YES_AGGRESSIVE;
				CLANG_CXX_LANGUAGE_STANDARD = "gnu++17";
				CLANG_ENABLE_MODULES = YES;
				CLANG_ENABLE_OBJC_ARC = YES;
				CLANG_ENABLE_OBJC_WEAK = YES;
				CLANG_WARN_BLOCK_CAPTURE_AUTORELEASING = YES;
				CLANG_WARN_BOOL_CONVERSION = YES;
				CLANG_WARN_COMMA = YES;
				CLANG_WARN_CONSTANT_CONVERSION = YES;
				CLANG_WARN_DEPRECATED_OBJC_IMPLEMENTATIONS = YES;
				CLANG_WARN_DIRECT_OBJC_ISA_USAGE = YES_ERROR;
				CLANG_WARN_DOCUMENTATION_COMMENTS = YES;
				CLANG_WARN_EMPTY_BODY = YES;
				CLANG_WARN_ENUM_CONVERSION = YES;
				CLANG_WARN_INFINITE_RECURSION = YES;
				CLANG_WARN_INT_CONVERSION = YES;
				CLANG_WARN_NON_LITERAL_NULL_CONVERSION = YES;
				CLANG_WARN_OBJC_IMPLICIT_RETAIN_SELF = YES;
				CLANG_WARN_OBJC_LITERAL_CONVERSION = YES;
				CLANG_WARN_OBJC_ROOT_CLASS = YES_ERROR;
				CLANG_WARN_QUOTED_INCLUDE_IN_FRAMEWORK_HEADER = YES;
				CLANG_WARN_RANGE_LOOP_ANALYSIS = YES;
				CLANG_WARN_STRICT_PROTOTYPES = YES;
				CLANG_WARN_SUSPICIOUS_MOVE = YES;
				CLANG_WARN_UNGUARDED_AVAILABILITY = YES_AGGRESSIVE;
				CLANG_WARN_UNREACHABLE_CODE = YES;
				CLANG_WARN__DUPLICATE_METHOD_MATCH = YES;
				CODE_SIGN_STYLE = Automatic;
				COPY_PHASE_STRIP = NO;
				CURRENT_PROJECT_VERSION = 1;
				DEBUG_INFORMATION_FORMAT = "dwarf-with-dsym";
				DEVELOPMENT_TEAM = 3PQ52R8GJN;
				ENABLE_NS_ASSERTIONS = NO;
				ENABLE_STRICT_OBJC_MSGSEND = YES;
				GCC_C_LANGUAGE_STANDARD = gnu11;
				GCC_NO_COMMON_BLOCKS = YES;
				GCC_WARN_64_TO_32_BIT_CONVERSION = YES;
				GCC_WARN_ABOUT_RETURN_TYPE = YES_ERROR;
				GCC_WARN_UNDECLARED_SELECTOR = YES;
				GCC_WARN_UNINITIALIZED_AUTOS = YES_AGGRESSIVE;
				GCC_WARN_UNUSED_FUNCTION = YES;
				GCC_WARN_UNUSED_VARIABLE = YES;
				GENERATE_INFOPLIST_FILE = YES;
				IPHONEOS_DEPLOYMENT_TARGET = 15.5;
				MARKETING_VERSION = 1.0;
				MTL_ENABLE_DEBUG_INFO = NO;
				MTL_FAST_MATH = YES;
				PRODUCT_BUNDLE_IDENTIFIER = "com.dysya.ToDoManager-iOSUITests";
				PRODUCT_NAME = "$(TARGET_NAME)";
				SDKROOT = iphoneos;
				SWIFT_COMPILATION_MODE = wholemodule;
				SWIFT_EMIT_LOC_STRINGS = NO;
				SWIFT_OPTIMIZATION_LEVEL = "-O";
				SWIFT_VERSION = 5.0;
				TARGETED_DEVICE_FAMILY = "1,2";
				TEST_TARGET_NAME = "ToDoManager-iOS";
				VALIDATE_PRODUCT = YES;
			};
			name = Release;
		};
		384F03F528A1E01300121D19 /* Debug */ = {
			isa = XCBuildConfiguration;
			buildSettings = {
				ALWAYS_SEARCH_USER_PATHS = NO;
				ASSETCATALOG_COMPILER_APPICON_NAME = AppIcon;
				ASSETCATALOG_COMPILER_GLOBAL_ACCENT_COLOR_NAME = AccentColor;
				CLANG_ANALYZER_NONNULL = YES;
				CLANG_ANALYZER_NUMBER_OBJECT_CONVERSION = YES_AGGRESSIVE;
				CLANG_CXX_LANGUAGE_STANDARD = "gnu++17";
				CLANG_ENABLE_MODULES = YES;
				CLANG_ENABLE_OBJC_ARC = YES;
				CLANG_ENABLE_OBJC_WEAK = YES;
				CLANG_WARN_BLOCK_CAPTURE_AUTORELEASING = YES;
				CLANG_WARN_BOOL_CONVERSION = YES;
				CLANG_WARN_COMMA = YES;
				CLANG_WARN_CONSTANT_CONVERSION = YES;
				CLANG_WARN_DEPRECATED_OBJC_IMPLEMENTATIONS = YES;
				CLANG_WARN_DIRECT_OBJC_ISA_USAGE = YES_ERROR;
				CLANG_WARN_DOCUMENTATION_COMMENTS = YES;
				CLANG_WARN_EMPTY_BODY = YES;
				CLANG_WARN_ENUM_CONVERSION = YES;
				CLANG_WARN_INFINITE_RECURSION = YES;
				CLANG_WARN_INT_CONVERSION = YES;
				CLANG_WARN_NON_LITERAL_NULL_CONVERSION = YES;
				CLANG_WARN_OBJC_IMPLICIT_RETAIN_SELF = YES;
				CLANG_WARN_OBJC_LITERAL_CONVERSION = YES;
				CLANG_WARN_OBJC_ROOT_CLASS = YES_ERROR;
				CLANG_WARN_QUOTED_INCLUDE_IN_FRAMEWORK_HEADER = YES;
				CLANG_WARN_RANGE_LOOP_ANALYSIS = YES;
				CLANG_WARN_STRICT_PROTOTYPES = YES;
				CLANG_WARN_SUSPICIOUS_MOVE = YES;
				CLANG_WARN_UNGUARDED_AVAILABILITY = YES_AGGRESSIVE;
				CLANG_WARN_UNREACHABLE_CODE = YES;
				CLANG_WARN__DUPLICATE_METHOD_MATCH = YES;
				CODE_SIGN_ENTITLEMENTS = "ToDoManager-MacOS/ToDoManager_MacOS.entitlements";
				CODE_SIGN_IDENTITY = "Apple Development";
				CODE_SIGN_STYLE = Automatic;
				COMBINE_HIDPI_IMAGES = YES;
				COPY_PHASE_STRIP = NO;
				CURRENT_PROJECT_VERSION = 1;
				DEBUG_INFORMATION_FORMAT = dwarf;
				DEVELOPMENT_ASSET_PATHS = "\"ToDoManager-MacOS/Preview Content\"";
				DEVELOPMENT_TEAM = 54447HLW3P;
				ENABLE_HARDENED_RUNTIME = YES;
				ENABLE_PREVIEWS = YES;
				ENABLE_STRICT_OBJC_MSGSEND = YES;
				ENABLE_TESTABILITY = YES;
				GCC_C_LANGUAGE_STANDARD = gnu11;
				GCC_DYNAMIC_NO_PIC = NO;
				GCC_NO_COMMON_BLOCKS = YES;
				GCC_OPTIMIZATION_LEVEL = 0;
				GCC_PREPROCESSOR_DEFINITIONS = (
					"DEBUG=1",
					"$(inherited)",
				);
				GCC_WARN_64_TO_32_BIT_CONVERSION = YES;
				GCC_WARN_ABOUT_RETURN_TYPE = YES_ERROR;
				GCC_WARN_UNDECLARED_SELECTOR = YES;
				GCC_WARN_UNINITIALIZED_AUTOS = YES_AGGRESSIVE;
				GCC_WARN_UNUSED_FUNCTION = YES;
				GCC_WARN_UNUSED_VARIABLE = YES;
				GENERATE_INFOPLIST_FILE = YES;
				INFOPLIST_KEY_LSApplicationCategoryType = "public.app-category.books";
				INFOPLIST_KEY_NSHumanReadableCopyright = "";
				LD_RUNPATH_SEARCH_PATHS = (
					"$(inherited)",
					"@executable_path/../Frameworks",
				);
				MACOSX_DEPLOYMENT_TARGET = 12.3;
				MARKETING_VERSION = 1.0;
				MTL_ENABLE_DEBUG_INFO = INCLUDE_SOURCE;
				MTL_FAST_MATH = YES;
				ONLY_ACTIVE_ARCH = YES;
				PRODUCT_BUNDLE_IDENTIFIER = akifev.com;
				PRODUCT_NAME = "$(TARGET_NAME)";
				PROVISIONING_PROFILE_SPECIFIER = "";
				SDKROOT = macosx;
				SWIFT_ACTIVE_COMPILATION_CONDITIONS = DEBUG;
				SWIFT_EMIT_LOC_STRINGS = YES;
				SWIFT_OPTIMIZATION_LEVEL = "-Onone";
				SWIFT_VERSION = 5.0;
			};
			name = Debug;
		};
		384F03F628A1E01300121D19 /* Release */ = {
			isa = XCBuildConfiguration;
			buildSettings = {
				ALWAYS_SEARCH_USER_PATHS = NO;
				ASSETCATALOG_COMPILER_APPICON_NAME = AppIcon;
				ASSETCATALOG_COMPILER_GLOBAL_ACCENT_COLOR_NAME = AccentColor;
				CLANG_ANALYZER_NONNULL = YES;
				CLANG_ANALYZER_NUMBER_OBJECT_CONVERSION = YES_AGGRESSIVE;
				CLANG_CXX_LANGUAGE_STANDARD = "gnu++17";
				CLANG_ENABLE_MODULES = YES;
				CLANG_ENABLE_OBJC_ARC = YES;
				CLANG_ENABLE_OBJC_WEAK = YES;
				CLANG_WARN_BLOCK_CAPTURE_AUTORELEASING = YES;
				CLANG_WARN_BOOL_CONVERSION = YES;
				CLANG_WARN_COMMA = YES;
				CLANG_WARN_CONSTANT_CONVERSION = YES;
				CLANG_WARN_DEPRECATED_OBJC_IMPLEMENTATIONS = YES;
				CLANG_WARN_DIRECT_OBJC_ISA_USAGE = YES_ERROR;
				CLANG_WARN_DOCUMENTATION_COMMENTS = YES;
				CLANG_WARN_EMPTY_BODY = YES;
				CLANG_WARN_ENUM_CONVERSION = YES;
				CLANG_WARN_INFINITE_RECURSION = YES;
				CLANG_WARN_INT_CONVERSION = YES;
				CLANG_WARN_NON_LITERAL_NULL_CONVERSION = YES;
				CLANG_WARN_OBJC_IMPLICIT_RETAIN_SELF = YES;
				CLANG_WARN_OBJC_LITERAL_CONVERSION = YES;
				CLANG_WARN_OBJC_ROOT_CLASS = YES_ERROR;
				CLANG_WARN_QUOTED_INCLUDE_IN_FRAMEWORK_HEADER = YES;
				CLANG_WARN_RANGE_LOOP_ANALYSIS = YES;
				CLANG_WARN_STRICT_PROTOTYPES = YES;
				CLANG_WARN_SUSPICIOUS_MOVE = YES;
				CLANG_WARN_UNGUARDED_AVAILABILITY = YES_AGGRESSIVE;
				CLANG_WARN_UNREACHABLE_CODE = YES;
				CLANG_WARN__DUPLICATE_METHOD_MATCH = YES;
				CODE_SIGN_ENTITLEMENTS = "ToDoManager-MacOS/ToDoManager_MacOS.entitlements";
				CODE_SIGN_IDENTITY = "Apple Development";
				CODE_SIGN_STYLE = Automatic;
				COMBINE_HIDPI_IMAGES = YES;
				COPY_PHASE_STRIP = NO;
				CURRENT_PROJECT_VERSION = 1;
				DEBUG_INFORMATION_FORMAT = "dwarf-with-dsym";
				DEVELOPMENT_ASSET_PATHS = "\"ToDoManager-MacOS/Preview Content\"";
				DEVELOPMENT_TEAM = 54447HLW3P;
				ENABLE_HARDENED_RUNTIME = YES;
				ENABLE_NS_ASSERTIONS = NO;
				ENABLE_PREVIEWS = YES;
				ENABLE_STRICT_OBJC_MSGSEND = YES;
				GCC_C_LANGUAGE_STANDARD = gnu11;
				GCC_NO_COMMON_BLOCKS = YES;
				GCC_WARN_64_TO_32_BIT_CONVERSION = YES;
				GCC_WARN_ABOUT_RETURN_TYPE = YES_ERROR;
				GCC_WARN_UNDECLARED_SELECTOR = YES;
				GCC_WARN_UNINITIALIZED_AUTOS = YES_AGGRESSIVE;
				GCC_WARN_UNUSED_FUNCTION = YES;
				GCC_WARN_UNUSED_VARIABLE = YES;
				GENERATE_INFOPLIST_FILE = YES;
				INFOPLIST_KEY_LSApplicationCategoryType = "public.app-category.books";
				INFOPLIST_KEY_NSHumanReadableCopyright = "";
				LD_RUNPATH_SEARCH_PATHS = (
					"$(inherited)",
					"@executable_path/../Frameworks",
				);
				MACOSX_DEPLOYMENT_TARGET = 12.3;
				MARKETING_VERSION = 1.0;
				MTL_ENABLE_DEBUG_INFO = NO;
				MTL_FAST_MATH = YES;
				PRODUCT_BUNDLE_IDENTIFIER = akifev.com;
				PRODUCT_NAME = "$(TARGET_NAME)";
				PROVISIONING_PROFILE_SPECIFIER = "";
				SDKROOT = macosx;
				SWIFT_COMPILATION_MODE = wholemodule;
				SWIFT_EMIT_LOC_STRINGS = YES;
				SWIFT_OPTIMIZATION_LEVEL = "-O";
				SWIFT_VERSION = 5.0;
			};
			name = Release;
		};
		384F03F828A1E01300121D19 /* Debug */ = {
			isa = XCBuildConfiguration;
			buildSettings = {
				ALWAYS_EMBED_SWIFT_STANDARD_LIBRARIES = YES;
				ALWAYS_SEARCH_USER_PATHS = NO;
				BUNDLE_LOADER = "$(TEST_HOST)";
				CLANG_ANALYZER_NONNULL = YES;
				CLANG_ANALYZER_NUMBER_OBJECT_CONVERSION = YES_AGGRESSIVE;
				CLANG_CXX_LANGUAGE_STANDARD = "gnu++17";
				CLANG_ENABLE_MODULES = YES;
				CLANG_ENABLE_OBJC_ARC = YES;
				CLANG_ENABLE_OBJC_WEAK = YES;
				CLANG_WARN_BLOCK_CAPTURE_AUTORELEASING = YES;
				CLANG_WARN_BOOL_CONVERSION = YES;
				CLANG_WARN_COMMA = YES;
				CLANG_WARN_CONSTANT_CONVERSION = YES;
				CLANG_WARN_DEPRECATED_OBJC_IMPLEMENTATIONS = YES;
				CLANG_WARN_DIRECT_OBJC_ISA_USAGE = YES_ERROR;
				CLANG_WARN_DOCUMENTATION_COMMENTS = YES;
				CLANG_WARN_EMPTY_BODY = YES;
				CLANG_WARN_ENUM_CONVERSION = YES;
				CLANG_WARN_INFINITE_RECURSION = YES;
				CLANG_WARN_INT_CONVERSION = YES;
				CLANG_WARN_NON_LITERAL_NULL_CONVERSION = YES;
				CLANG_WARN_OBJC_IMPLICIT_RETAIN_SELF = YES;
				CLANG_WARN_OBJC_LITERAL_CONVERSION = YES;
				CLANG_WARN_OBJC_ROOT_CLASS = YES_ERROR;
				CLANG_WARN_QUOTED_INCLUDE_IN_FRAMEWORK_HEADER = YES;
				CLANG_WARN_RANGE_LOOP_ANALYSIS = YES;
				CLANG_WARN_STRICT_PROTOTYPES = YES;
				CLANG_WARN_SUSPICIOUS_MOVE = YES;
				CLANG_WARN_UNGUARDED_AVAILABILITY = YES_AGGRESSIVE;
				CLANG_WARN_UNREACHABLE_CODE = YES;
				CLANG_WARN__DUPLICATE_METHOD_MATCH = YES;
				CODE_SIGN_STYLE = Automatic;
				COPY_PHASE_STRIP = NO;
				CURRENT_PROJECT_VERSION = 1;
				DEBUG_INFORMATION_FORMAT = dwarf;
				DEVELOPMENT_TEAM = 3PQ52R8GJN;
				ENABLE_STRICT_OBJC_MSGSEND = YES;
				ENABLE_TESTABILITY = YES;
				GCC_C_LANGUAGE_STANDARD = gnu11;
				GCC_DYNAMIC_NO_PIC = NO;
				GCC_NO_COMMON_BLOCKS = YES;
				GCC_OPTIMIZATION_LEVEL = 0;
				GCC_PREPROCESSOR_DEFINITIONS = (
					"DEBUG=1",
					"$(inherited)",
				);
				GCC_WARN_64_TO_32_BIT_CONVERSION = YES;
				GCC_WARN_ABOUT_RETURN_TYPE = YES_ERROR;
				GCC_WARN_UNDECLARED_SELECTOR = YES;
				GCC_WARN_UNINITIALIZED_AUTOS = YES_AGGRESSIVE;
				GCC_WARN_UNUSED_FUNCTION = YES;
				GCC_WARN_UNUSED_VARIABLE = YES;
				GENERATE_INFOPLIST_FILE = YES;
				MACOSX_DEPLOYMENT_TARGET = 12.3;
				MARKETING_VERSION = 1.0;
				MTL_ENABLE_DEBUG_INFO = INCLUDE_SOURCE;
				MTL_FAST_MATH = YES;
				ONLY_ACTIVE_ARCH = YES;
				PRODUCT_BUNDLE_IDENTIFIER = "com.dysya.ToDoManager-MacOSTests";
				PRODUCT_NAME = "$(TARGET_NAME)";
				SDKROOT = macosx;
				SWIFT_ACTIVE_COMPILATION_CONDITIONS = DEBUG;
				SWIFT_EMIT_LOC_STRINGS = NO;
				SWIFT_OPTIMIZATION_LEVEL = "-Onone";
				SWIFT_VERSION = 5.0;
				TEST_HOST = "$(BUILT_PRODUCTS_DIR)/ToDoManager-MacOS.app/Contents/MacOS/ToDoManager-MacOS";
			};
			name = Debug;
		};
		384F03F928A1E01300121D19 /* Release */ = {
			isa = XCBuildConfiguration;
			buildSettings = {
				ALWAYS_EMBED_SWIFT_STANDARD_LIBRARIES = YES;
				ALWAYS_SEARCH_USER_PATHS = NO;
				BUNDLE_LOADER = "$(TEST_HOST)";
				CLANG_ANALYZER_NONNULL = YES;
				CLANG_ANALYZER_NUMBER_OBJECT_CONVERSION = YES_AGGRESSIVE;
				CLANG_CXX_LANGUAGE_STANDARD = "gnu++17";
				CLANG_ENABLE_MODULES = YES;
				CLANG_ENABLE_OBJC_ARC = YES;
				CLANG_ENABLE_OBJC_WEAK = YES;
				CLANG_WARN_BLOCK_CAPTURE_AUTORELEASING = YES;
				CLANG_WARN_BOOL_CONVERSION = YES;
				CLANG_WARN_COMMA = YES;
				CLANG_WARN_CONSTANT_CONVERSION = YES;
				CLANG_WARN_DEPRECATED_OBJC_IMPLEMENTATIONS = YES;
				CLANG_WARN_DIRECT_OBJC_ISA_USAGE = YES_ERROR;
				CLANG_WARN_DOCUMENTATION_COMMENTS = YES;
				CLANG_WARN_EMPTY_BODY = YES;
				CLANG_WARN_ENUM_CONVERSION = YES;
				CLANG_WARN_INFINITE_RECURSION = YES;
				CLANG_WARN_INT_CONVERSION = YES;
				CLANG_WARN_NON_LITERAL_NULL_CONVERSION = YES;
				CLANG_WARN_OBJC_IMPLICIT_RETAIN_SELF = YES;
				CLANG_WARN_OBJC_LITERAL_CONVERSION = YES;
				CLANG_WARN_OBJC_ROOT_CLASS = YES_ERROR;
				CLANG_WARN_QUOTED_INCLUDE_IN_FRAMEWORK_HEADER = YES;
				CLANG_WARN_RANGE_LOOP_ANALYSIS = YES;
				CLANG_WARN_STRICT_PROTOTYPES = YES;
				CLANG_WARN_SUSPICIOUS_MOVE = YES;
				CLANG_WARN_UNGUARDED_AVAILABILITY = YES_AGGRESSIVE;
				CLANG_WARN_UNREACHABLE_CODE = YES;
				CLANG_WARN__DUPLICATE_METHOD_MATCH = YES;
				CODE_SIGN_STYLE = Automatic;
				COPY_PHASE_STRIP = NO;
				CURRENT_PROJECT_VERSION = 1;
				DEBUG_INFORMATION_FORMAT = "dwarf-with-dsym";
				DEVELOPMENT_TEAM = 3PQ52R8GJN;
				ENABLE_NS_ASSERTIONS = NO;
				ENABLE_STRICT_OBJC_MSGSEND = YES;
				GCC_C_LANGUAGE_STANDARD = gnu11;
				GCC_NO_COMMON_BLOCKS = YES;
				GCC_WARN_64_TO_32_BIT_CONVERSION = YES;
				GCC_WARN_ABOUT_RETURN_TYPE = YES_ERROR;
				GCC_WARN_UNDECLARED_SELECTOR = YES;
				GCC_WARN_UNINITIALIZED_AUTOS = YES_AGGRESSIVE;
				GCC_WARN_UNUSED_FUNCTION = YES;
				GCC_WARN_UNUSED_VARIABLE = YES;
				GENERATE_INFOPLIST_FILE = YES;
				MACOSX_DEPLOYMENT_TARGET = 12.3;
				MARKETING_VERSION = 1.0;
				MTL_ENABLE_DEBUG_INFO = NO;
				MTL_FAST_MATH = YES;
				PRODUCT_BUNDLE_IDENTIFIER = "com.dysya.ToDoManager-MacOSTests";
				PRODUCT_NAME = "$(TARGET_NAME)";
				SDKROOT = macosx;
				SWIFT_COMPILATION_MODE = wholemodule;
				SWIFT_EMIT_LOC_STRINGS = NO;
				SWIFT_OPTIMIZATION_LEVEL = "-O";
				SWIFT_VERSION = 5.0;
				TEST_HOST = "$(BUILT_PRODUCTS_DIR)/ToDoManager-MacOS.app/Contents/MacOS/ToDoManager-MacOS";
			};
			name = Release;
		};
		384F03FB28A1E01300121D19 /* Debug */ = {
			isa = XCBuildConfiguration;
			buildSettings = {
				ALWAYS_EMBED_SWIFT_STANDARD_LIBRARIES = YES;
				ALWAYS_SEARCH_USER_PATHS = NO;
				CLANG_ANALYZER_NONNULL = YES;
				CLANG_ANALYZER_NUMBER_OBJECT_CONVERSION = YES_AGGRESSIVE;
				CLANG_CXX_LANGUAGE_STANDARD = "gnu++17";
				CLANG_ENABLE_MODULES = YES;
				CLANG_ENABLE_OBJC_ARC = YES;
				CLANG_ENABLE_OBJC_WEAK = YES;
				CLANG_WARN_BLOCK_CAPTURE_AUTORELEASING = YES;
				CLANG_WARN_BOOL_CONVERSION = YES;
				CLANG_WARN_COMMA = YES;
				CLANG_WARN_CONSTANT_CONVERSION = YES;
				CLANG_WARN_DEPRECATED_OBJC_IMPLEMENTATIONS = YES;
				CLANG_WARN_DIRECT_OBJC_ISA_USAGE = YES_ERROR;
				CLANG_WARN_DOCUMENTATION_COMMENTS = YES;
				CLANG_WARN_EMPTY_BODY = YES;
				CLANG_WARN_ENUM_CONVERSION = YES;
				CLANG_WARN_INFINITE_RECURSION = YES;
				CLANG_WARN_INT_CONVERSION = YES;
				CLANG_WARN_NON_LITERAL_NULL_CONVERSION = YES;
				CLANG_WARN_OBJC_IMPLICIT_RETAIN_SELF = YES;
				CLANG_WARN_OBJC_LITERAL_CONVERSION = YES;
				CLANG_WARN_OBJC_ROOT_CLASS = YES_ERROR;
				CLANG_WARN_QUOTED_INCLUDE_IN_FRAMEWORK_HEADER = YES;
				CLANG_WARN_RANGE_LOOP_ANALYSIS = YES;
				CLANG_WARN_STRICT_PROTOTYPES = YES;
				CLANG_WARN_SUSPICIOUS_MOVE = YES;
				CLANG_WARN_UNGUARDED_AVAILABILITY = YES_AGGRESSIVE;
				CLANG_WARN_UNREACHABLE_CODE = YES;
				CLANG_WARN__DUPLICATE_METHOD_MATCH = YES;
				CODE_SIGN_STYLE = Automatic;
				COPY_PHASE_STRIP = NO;
				CURRENT_PROJECT_VERSION = 1;
				DEBUG_INFORMATION_FORMAT = dwarf;
				DEVELOPMENT_TEAM = 3PQ52R8GJN;
				ENABLE_STRICT_OBJC_MSGSEND = YES;
				ENABLE_TESTABILITY = YES;
				GCC_C_LANGUAGE_STANDARD = gnu11;
				GCC_DYNAMIC_NO_PIC = NO;
				GCC_NO_COMMON_BLOCKS = YES;
				GCC_OPTIMIZATION_LEVEL = 0;
				GCC_PREPROCESSOR_DEFINITIONS = (
					"DEBUG=1",
					"$(inherited)",
				);
				GCC_WARN_64_TO_32_BIT_CONVERSION = YES;
				GCC_WARN_ABOUT_RETURN_TYPE = YES_ERROR;
				GCC_WARN_UNDECLARED_SELECTOR = YES;
				GCC_WARN_UNINITIALIZED_AUTOS = YES_AGGRESSIVE;
				GCC_WARN_UNUSED_FUNCTION = YES;
				GCC_WARN_UNUSED_VARIABLE = YES;
				GENERATE_INFOPLIST_FILE = YES;
				MACOSX_DEPLOYMENT_TARGET = 12.3;
				MARKETING_VERSION = 1.0;
				MTL_ENABLE_DEBUG_INFO = INCLUDE_SOURCE;
				MTL_FAST_MATH = YES;
				ONLY_ACTIVE_ARCH = YES;
				PRODUCT_BUNDLE_IDENTIFIER = "com.dysya.ToDoManager-MacOSUITests";
				PRODUCT_NAME = "$(TARGET_NAME)";
				SDKROOT = macosx;
				SWIFT_ACTIVE_COMPILATION_CONDITIONS = DEBUG;
				SWIFT_EMIT_LOC_STRINGS = NO;
				SWIFT_OPTIMIZATION_LEVEL = "-Onone";
				SWIFT_VERSION = 5.0;
				TEST_TARGET_NAME = "ToDoManager-MacOS";
			};
			name = Debug;
		};
		384F03FC28A1E01300121D19 /* Release */ = {
			isa = XCBuildConfiguration;
			buildSettings = {
				ALWAYS_EMBED_SWIFT_STANDARD_LIBRARIES = YES;
				ALWAYS_SEARCH_USER_PATHS = NO;
				CLANG_ANALYZER_NONNULL = YES;
				CLANG_ANALYZER_NUMBER_OBJECT_CONVERSION = YES_AGGRESSIVE;
				CLANG_CXX_LANGUAGE_STANDARD = "gnu++17";
				CLANG_ENABLE_MODULES = YES;
				CLANG_ENABLE_OBJC_ARC = YES;
				CLANG_ENABLE_OBJC_WEAK = YES;
				CLANG_WARN_BLOCK_CAPTURE_AUTORELEASING = YES;
				CLANG_WARN_BOOL_CONVERSION = YES;
				CLANG_WARN_COMMA = YES;
				CLANG_WARN_CONSTANT_CONVERSION = YES;
				CLANG_WARN_DEPRECATED_OBJC_IMPLEMENTATIONS = YES;
				CLANG_WARN_DIRECT_OBJC_ISA_USAGE = YES_ERROR;
				CLANG_WARN_DOCUMENTATION_COMMENTS = YES;
				CLANG_WARN_EMPTY_BODY = YES;
				CLANG_WARN_ENUM_CONVERSION = YES;
				CLANG_WARN_INFINITE_RECURSION = YES;
				CLANG_WARN_INT_CONVERSION = YES;
				CLANG_WARN_NON_LITERAL_NULL_CONVERSION = YES;
				CLANG_WARN_OBJC_IMPLICIT_RETAIN_SELF = YES;
				CLANG_WARN_OBJC_LITERAL_CONVERSION = YES;
				CLANG_WARN_OBJC_ROOT_CLASS = YES_ERROR;
				CLANG_WARN_QUOTED_INCLUDE_IN_FRAMEWORK_HEADER = YES;
				CLANG_WARN_RANGE_LOOP_ANALYSIS = YES;
				CLANG_WARN_STRICT_PROTOTYPES = YES;
				CLANG_WARN_SUSPICIOUS_MOVE = YES;
				CLANG_WARN_UNGUARDED_AVAILABILITY = YES_AGGRESSIVE;
				CLANG_WARN_UNREACHABLE_CODE = YES;
				CLANG_WARN__DUPLICATE_METHOD_MATCH = YES;
				CODE_SIGN_STYLE = Automatic;
				COPY_PHASE_STRIP = NO;
				CURRENT_PROJECT_VERSION = 1;
				DEBUG_INFORMATION_FORMAT = "dwarf-with-dsym";
				DEVELOPMENT_TEAM = 3PQ52R8GJN;
				ENABLE_NS_ASSERTIONS = NO;
				ENABLE_STRICT_OBJC_MSGSEND = YES;
				GCC_C_LANGUAGE_STANDARD = gnu11;
				GCC_NO_COMMON_BLOCKS = YES;
				GCC_WARN_64_TO_32_BIT_CONVERSION = YES;
				GCC_WARN_ABOUT_RETURN_TYPE = YES_ERROR;
				GCC_WARN_UNDECLARED_SELECTOR = YES;
				GCC_WARN_UNINITIALIZED_AUTOS = YES_AGGRESSIVE;
				GCC_WARN_UNUSED_FUNCTION = YES;
				GCC_WARN_UNUSED_VARIABLE = YES;
				GENERATE_INFOPLIST_FILE = YES;
				MACOSX_DEPLOYMENT_TARGET = 12.3;
				MARKETING_VERSION = 1.0;
				MTL_ENABLE_DEBUG_INFO = NO;
				MTL_FAST_MATH = YES;
				PRODUCT_BUNDLE_IDENTIFIER = "com.dysya.ToDoManager-MacOSUITests";
				PRODUCT_NAME = "$(TARGET_NAME)";
				SDKROOT = macosx;
				SWIFT_COMPILATION_MODE = wholemodule;
				SWIFT_EMIT_LOC_STRINGS = NO;
				SWIFT_OPTIMIZATION_LEVEL = "-O";
				SWIFT_VERSION = 5.0;
				TEST_TARGET_NAME = "ToDoManager-MacOS";
			};
			name = Release;
		};
/* End XCBuildConfiguration section */

/* Begin XCConfigurationList section */
		384F039228A1DF5300121D19 /* Build configuration list for PBXProject "ToDoManager" */ = {
			isa = XCConfigurationList;
			buildConfigurations = (
				384F039328A1DF5300121D19 /* Debug */,
				384F039428A1DF5300121D19 /* Release */,
			);
			defaultConfigurationIsVisible = 0;
			defaultConfigurationName = Release;
		};
		384F03C028A1DFE200121D19 /* Build configuration list for PBXNativeTarget "ToDoManager-iOS" */ = {
			isa = XCConfigurationList;
			buildConfigurations = (
				384F03C128A1DFE200121D19 /* Debug */,
				384F03C228A1DFE200121D19 /* Release */,
			);
			defaultConfigurationIsVisible = 0;
			defaultConfigurationName = Release;
		};
		384F03C328A1DFE200121D19 /* Build configuration list for PBXNativeTarget "ToDoManager-iOSTests" */ = {
			isa = XCConfigurationList;
			buildConfigurations = (
				384F03C428A1DFE200121D19 /* Debug */,
				384F03C528A1DFE200121D19 /* Release */,
			);
			defaultConfigurationIsVisible = 0;
			defaultConfigurationName = Release;
		};
		384F03C628A1DFE200121D19 /* Build configuration list for PBXNativeTarget "ToDoManager-iOSUITests" */ = {
			isa = XCConfigurationList;
			buildConfigurations = (
				384F03C728A1DFE200121D19 /* Debug */,
				384F03C828A1DFE200121D19 /* Release */,
			);
			defaultConfigurationIsVisible = 0;
			defaultConfigurationName = Release;
		};
		384F03F428A1E01300121D19 /* Build configuration list for PBXNativeTarget "ToDoManager-MacOS" */ = {
			isa = XCConfigurationList;
			buildConfigurations = (
				384F03F528A1E01300121D19 /* Debug */,
				384F03F628A1E01300121D19 /* Release */,
			);
			defaultConfigurationIsVisible = 0;
			defaultConfigurationName = Release;
		};
		384F03F728A1E01300121D19 /* Build configuration list for PBXNativeTarget "ToDoManager-MacOSTests" */ = {
			isa = XCConfigurationList;
			buildConfigurations = (
				384F03F828A1E01300121D19 /* Debug */,
				384F03F928A1E01300121D19 /* Release */,
			);
			defaultConfigurationIsVisible = 0;
			defaultConfigurationName = Release;
		};
		384F03FA28A1E01300121D19 /* Build configuration list for PBXNativeTarget "ToDoManager-MacOSUITests" */ = {
			isa = XCConfigurationList;
			buildConfigurations = (
				384F03FB28A1E01300121D19 /* Debug */,
				384F03FC28A1E01300121D19 /* Release */,
			);
			defaultConfigurationIsVisible = 0;
			defaultConfigurationName = Release;
		};
/* End XCConfigurationList section */

/* Begin XCVersionGroup section */
		384F03A728A1DFE200121D19 /* ToDoManager_iOS.xcdatamodeld */ = {
			isa = XCVersionGroup;
			children = (
				384F03A828A1DFE200121D19 /* ToDoManager_iOS.xcdatamodel */,
			);
			currentVersion = 384F03A828A1DFE200121D19 /* ToDoManager_iOS.xcdatamodel */;
			path = ToDoManager_iOS.xcdatamodeld;
			sourceTree = "<group>";
			versionGroupType = wrapper.xcdatamodel;
		};
		384F03DA28A1E01300121D19 /* ToDoManager_MacOS.xcdatamodeld */ = {
			isa = XCVersionGroup;
			children = (
				384F03DB28A1E01300121D19 /* ToDoManager_MacOS.xcdatamodel */,
			);
			currentVersion = 384F03DB28A1E01300121D19 /* ToDoManager_MacOS.xcdatamodel */;
			path = ToDoManager_MacOS.xcdatamodeld;
			sourceTree = "<group>";
			versionGroupType = wrapper.xcdatamodel;
		};
/* End XCVersionGroup section */
	};
	rootObject = 384F038F28A1DF5300121D19 /* Project object */;
}
